
Microsoft Visual Studio Solution File, Format Version 12.00
# Visual Studio Version 16
VisualStudioVersion = 16.0.31321.278
MinimumVisualStudioVersion = 10.0.40219.1
Project("{FAE04EC0-301F-11D3-BF4B-00C04F79EFBC}") = "PalindromNum", "PalindromNum\PalindromNum.csproj", "{181754A9-4DBC-4E8B-9BFF-61D89AA9AC64}"
EndProject
Global
	GlobalSection(SolutionConfigurationPlatforms) = preSolution
		Debug|Any CPU = Debug|Any CPU
		Release|Any CPU = Release|Any CPU
	EndGlobalSection
	GlobalSection(ProjectConfigurationPlatforms) = postSolution
		{181754A9-4DBC-4E8B-9BFF-61D89AA9AC64}.Debug|Any CPU.ActiveCfg = Debug|Any CPU
		{181754A9-4DBC-4E8B-9BFF-61D89AA9AC64}.Debug|Any CPU.Build.0 = Debug|Any CPU
		{181754A9-4DBC-4E8B-9BFF-61D89AA9AC64}.Release|Any CPU.ActiveCfg = Release|Any CPU
		{181754A9-4DBC-4E8B-9BFF-61D89AA9AC64}.Release|Any CPU.Build.0 = Release|Any CPU
	EndGlobalSection
	GlobalSection(SolutionProperties) = preSolution
		HideSolutionNode = FALSE
	EndGlobalSection
	GlobalSection(ExtensibilityGlobals) = postSolution
		SolutionGuid = {CD0071AB-13B6-4436-B7D3-21EB69AB906C}
	EndGlobalSection
EndGlobal
